
Microsoft Visual Studio Solution File, Format Version 12.00
# Visual Studio Version 16
VisualStudioVersion = 16.0.29911.84
MinimumVisualStudioVersion = 10.0.40219.1
Project("{9A19103F-16F7-4668-BE54-9A1E7A4F7556}") = "Nimb3s.Services.Identity.Server", "Nimb3s.Services.Identity.Server\Nimb3s.Services.Identity.Server.csproj", "{A8D17DD9-D373-424A-AA97-91DDC96DD6D4}"
EndProject
Project("{9A19103F-16F7-4668-BE54-9A1E7A4F7556}") = "Nimb3s.Services.Identity.Server.Tests", "Nimb3s.Services.Identity.Server.Tests\Nimb3s.Services.Identity.Server.Tests.csproj", "{A742047F-0CC3-4976-84FE-FD9B0C59076B}"
EndProject
Global
	GlobalSection(SolutionConfigurationPlatforms) = preSolution
		Debug|Any CPU = Debug|Any CPU
		Release|Any CPU = Release|Any CPU
	EndGlobalSection
	GlobalSection(ProjectConfigurationPlatforms) = postSolution
		{A8D17DD9-D373-424A-AA97-91DDC96DD6D4}.Debug|Any CPU.ActiveCfg = Debug|Any CPU
		{A8D17DD9-D373-424A-AA97-91DDC96DD6D4}.Debug|Any CPU.Build.0 = Debug|Any CPU
		{A8D17DD9-D373-424A-AA97-91DDC96DD6D4}.Release|Any CPU.ActiveCfg = Release|Any CPU
		{A8D17DD9-D373-424A-AA97-91DDC96DD6D4}.Release|Any CPU.Build.0 = Release|Any CPU
		{A742047F-0CC3-4976-84FE-FD9B0C59076B}.Debug|Any CPU.ActiveCfg = Debug|Any CPU
		{A742047F-0CC3-4976-84FE-FD9B0C59076B}.Debug|Any CPU.Build.0 = Debug|Any CPU
		{A742047F-0CC3-4976-84FE-FD9B0C59076B}.Release|Any CPU.ActiveCfg = Release|Any CPU
		{A742047F-0CC3-4976-84FE-FD9B0C59076B}.Release|Any CPU.Build.0 = Release|Any CPU
	EndGlobalSection
	GlobalSection(SolutionProperties) = preSolution
		HideSolutionNode = FALSE
	EndGlobalSection
	GlobalSection(ExtensibilityGlobals) = postSolution
		SolutionGuid = {88E35A6C-AF24-4D6E-9689-21977AF4CB97}
	EndGlobalSection
EndGlobal
